
Microsoft Visual Studio Solution File, Format Version 12.00
# Visual Studio Version 17
VisualStudioVersion = 17.3.32929.385
MinimumVisualStudioVersion = 10.0.40219.1
Project("{FAE04EC0-301F-11D3-BF4B-00C04F79EFBC}") = "Forms3", "Forms3\Forms3.csproj", "{4EA1B40B-32D5-483F-AEF5-CEC4EF79D7F1}"
EndProject
Global
	GlobalSection(SolutionConfigurationPlatforms) = preSolution
		Debug|Any CPU = Debug|Any CPU
		Release|Any CPU = Release|Any CPU
	EndGlobalSection
	GlobalSection(ProjectConfigurationPlatforms) = postSolution
		{4EA1B40B-32D5-483F-AEF5-CEC4EF79D7F1}.Debug|Any CPU.ActiveCfg = Debug|Any CPU
		{4EA1B40B-32D5-483F-AEF5-CEC4EF79D7F1}.Debug|Any CPU.Build.0 = Debug|Any CPU
		{4EA1B40B-32D5-483F-AEF5-CEC4EF79D7F1}.Release|Any CPU.ActiveCfg = Release|Any CPU
		{4EA1B40B-32D5-483F-AEF5-CEC4EF79D7F1}.Release|Any CPU.Build.0 = Release|Any CPU
	EndGlobalSection
	GlobalSection(SolutionProperties) = preSolution
		HideSolutionNode = FALSE
	EndGlobalSection
	GlobalSection(ExtensibilityGlobals) = postSolution
		SolutionGuid = {5C9E26BB-CA7E-459B-A65B-BFD4DB2B5B43}
	EndGlobalSection
EndGlobal
