
Microsoft Visual Studio Solution File, Format Version 12.00
# Visual Studio Version 17
VisualStudioVersion = 17.4.33110.190
MinimumVisualStudioVersion = 10.0.40219.1
Project("{FAE04EC0-301F-11D3-BF4B-00C04F79EFBC}") = "Forms6", "Forms6\Forms6.csproj", "{3C02723F-34EF-4F08-8634-0B4997730591}"
EndProject
Global
	GlobalSection(SolutionConfigurationPlatforms) = preSolution
		Debug|Any CPU = Debug|Any CPU
		Release|Any CPU = Release|Any CPU
	EndGlobalSection
	GlobalSection(ProjectConfigurationPlatforms) = postSolution
		{3C02723F-34EF-4F08-8634-0B4997730591}.Debug|Any CPU.ActiveCfg = Debug|Any CPU
		{3C02723F-34EF-4F08-8634-0B4997730591}.Debug|Any CPU.Build.0 = Debug|Any CPU
		{3C02723F-34EF-4F08-8634-0B4997730591}.Release|Any CPU.ActiveCfg = Release|Any CPU
		{3C02723F-34EF-4F08-8634-0B4997730591}.Release|Any CPU.Build.0 = Release|Any CPU
	EndGlobalSection
	GlobalSection(SolutionProperties) = preSolution
		HideSolutionNode = FALSE
	EndGlobalSection
	GlobalSection(ExtensibilityGlobals) = postSolution
		SolutionGuid = {B1BDC24E-232B-4FFB-B406-5A3EF948F162}
	EndGlobalSection
EndGlobal
