
Microsoft Visual Studio Solution File, Format Version 12.00
# Visual Studio Version 17
VisualStudioVersion = 17.4.33205.214
MinimumVisualStudioVersion = 10.0.40219.1
Project("{FAE04EC0-301F-11D3-BF4B-00C04F79EFBC}") = "Ejercicio1_REPASO", "Ejercicio1_REPASO\Ejercicio1_REPASO.csproj", "{B8D9F3FF-F31A-49C3-B170-9CC79F1511AF}"
EndProject
Global
	GlobalSection(SolutionConfigurationPlatforms) = preSolution
		Debug|Any CPU = Debug|Any CPU
		Release|Any CPU = Release|Any CPU
	EndGlobalSection
	GlobalSection(ProjectConfigurationPlatforms) = postSolution
		{B8D9F3FF-F31A-49C3-B170-9CC79F1511AF}.Debug|Any CPU.ActiveCfg = Debug|Any CPU
		{B8D9F3FF-F31A-49C3-B170-9CC79F1511AF}.Debug|Any CPU.Build.0 = Debug|Any CPU
		{B8D9F3FF-F31A-49C3-B170-9CC79F1511AF}.Release|Any CPU.ActiveCfg = Release|Any CPU
		{B8D9F3FF-F31A-49C3-B170-9CC79F1511AF}.Release|Any CPU.Build.0 = Release|Any CPU
	EndGlobalSection
	GlobalSection(SolutionProperties) = preSolution
		HideSolutionNode = FALSE
	EndGlobalSection
	GlobalSection(ExtensibilityGlobals) = postSolution
		SolutionGuid = {95F2DE05-8772-4349-91F2-248B4BD0A9FF}
	EndGlobalSection
EndGlobal
