
Microsoft Visual Studio Solution File, Format Version 12.00
# Visual Studio Version 17
VisualStudioVersion = 17.4.33103.184
MinimumVisualStudioVersion = 10.0.40219.1
Project("{FAE04EC0-301F-11D3-BF4B-00C04F79EFBC}") = "Forms4", "Forms4\Forms4.csproj", "{4FC0BFB7-514E-4107-B357-7D009FF3413B}"
EndProject
Global
	GlobalSection(SolutionConfigurationPlatforms) = preSolution
		Debug|Any CPU = Debug|Any CPU
		Release|Any CPU = Release|Any CPU
	EndGlobalSection
	GlobalSection(ProjectConfigurationPlatforms) = postSolution
		{4FC0BFB7-514E-4107-B357-7D009FF3413B}.Debug|Any CPU.ActiveCfg = Debug|Any CPU
		{4FC0BFB7-514E-4107-B357-7D009FF3413B}.Debug|Any CPU.Build.0 = Debug|Any CPU
		{4FC0BFB7-514E-4107-B357-7D009FF3413B}.Release|Any CPU.ActiveCfg = Release|Any CPU
		{4FC0BFB7-514E-4107-B357-7D009FF3413B}.Release|Any CPU.Build.0 = Release|Any CPU
	EndGlobalSection
	GlobalSection(SolutionProperties) = preSolution
		HideSolutionNode = FALSE
	EndGlobalSection
	GlobalSection(ExtensibilityGlobals) = postSolution
		SolutionGuid = {DFDE2749-C49A-4D82-9187-17385516DBFD}
	EndGlobalSection
EndGlobal
