
Microsoft Visual Studio Solution File, Format Version 12.00
# Visual Studio Version 17
VisualStudioVersion = 17.3.32901.215
MinimumVisualStudioVersion = 10.0.40219.1
Project("{FAE04EC0-301F-11D3-BF4B-00C04F79EFBC}") = "EJ 3", "EJ 3\EJ 3.csproj", "{2BAA6059-32CE-4586-8818-5707A01DE4A9}"
EndProject
Global
	GlobalSection(SolutionConfigurationPlatforms) = preSolution
		Debug|Any CPU = Debug|Any CPU
		Release|Any CPU = Release|Any CPU
	EndGlobalSection
	GlobalSection(ProjectConfigurationPlatforms) = postSolution
		{2BAA6059-32CE-4586-8818-5707A01DE4A9}.Debug|Any CPU.ActiveCfg = Debug|Any CPU
		{2BAA6059-32CE-4586-8818-5707A01DE4A9}.Debug|Any CPU.Build.0 = Debug|Any CPU
		{2BAA6059-32CE-4586-8818-5707A01DE4A9}.Release|Any CPU.ActiveCfg = Release|Any CPU
		{2BAA6059-32CE-4586-8818-5707A01DE4A9}.Release|Any CPU.Build.0 = Release|Any CPU
	EndGlobalSection
	GlobalSection(SolutionProperties) = preSolution
		HideSolutionNode = FALSE
	EndGlobalSection
	GlobalSection(ExtensibilityGlobals) = postSolution
		SolutionGuid = {96CEDA0D-23BD-42A4-9AFC-B3376D6A381C}
	EndGlobalSection
EndGlobal
