
Microsoft Visual Studio Solution File, Format Version 12.00
# Visual Studio Version 17
VisualStudioVersion = 17.4.33205.214
MinimumVisualStudioVersion = 10.0.40219.1
Project("{FAE04EC0-301F-11D3-BF4B-00C04F79EFBC}") = "NuevosComponentes", "NuevosComponentes\NuevosComponentes.csproj", "{C7794C70-68BA-40B7-B529-A8E7603DFF23}"
EndProject
Project("{FAE04EC0-301F-11D3-BF4B-00C04F79EFBC}") = "PruebaComponentes2", "PruebaComponentes2\PruebaComponentes2.csproj", "{C8866DF1-CF60-4621-9A41-327BEF527E23}"
EndProject
Global
	GlobalSection(SolutionConfigurationPlatforms) = preSolution
		Debug|Any CPU = Debug|Any CPU
		Release|Any CPU = Release|Any CPU
	EndGlobalSection
	GlobalSection(ProjectConfigurationPlatforms) = postSolution
		{C7794C70-68BA-40B7-B529-A8E7603DFF23}.Debug|Any CPU.ActiveCfg = Debug|Any CPU
		{C7794C70-68BA-40B7-B529-A8E7603DFF23}.Debug|Any CPU.Build.0 = Debug|Any CPU
		{C7794C70-68BA-40B7-B529-A8E7603DFF23}.Release|Any CPU.ActiveCfg = Release|Any CPU
		{C7794C70-68BA-40B7-B529-A8E7603DFF23}.Release|Any CPU.Build.0 = Release|Any CPU
		{C8866DF1-CF60-4621-9A41-327BEF527E23}.Debug|Any CPU.ActiveCfg = Debug|Any CPU
		{C8866DF1-CF60-4621-9A41-327BEF527E23}.Debug|Any CPU.Build.0 = Debug|Any CPU
		{C8866DF1-CF60-4621-9A41-327BEF527E23}.Release|Any CPU.ActiveCfg = Release|Any CPU
		{C8866DF1-CF60-4621-9A41-327BEF527E23}.Release|Any CPU.Build.0 = Release|Any CPU
	EndGlobalSection
	GlobalSection(SolutionProperties) = preSolution
		HideSolutionNode = FALSE
	EndGlobalSection
	GlobalSection(ExtensibilityGlobals) = postSolution
		SolutionGuid = {5979EA35-8FBA-434D-AF09-63FAE3746E06}
	EndGlobalSection
EndGlobal
