
Microsoft Visual Studio Solution File, Format Version 12.00
# Visual Studio Version 17
VisualStudioVersion = 17.4.33110.190
MinimumVisualStudioVersion = 10.0.40219.1
Project("{FAE04EC0-301F-11D3-BF4B-00C04F79EFBC}") = "Examen Tortuga y Liebre", "Examen Tortuga y Liebre\Examen Tortuga y Liebre.csproj", "{BB1AF574-2865-489F-89F1-B4DFA0582D61}"
EndProject
Global
	GlobalSection(SolutionConfigurationPlatforms) = preSolution
		Debug|Any CPU = Debug|Any CPU
		Release|Any CPU = Release|Any CPU
	EndGlobalSection
	GlobalSection(ProjectConfigurationPlatforms) = postSolution
		{BB1AF574-2865-489F-89F1-B4DFA0582D61}.Debug|Any CPU.ActiveCfg = Debug|Any CPU
		{BB1AF574-2865-489F-89F1-B4DFA0582D61}.Debug|Any CPU.Build.0 = Debug|Any CPU
		{BB1AF574-2865-489F-89F1-B4DFA0582D61}.Release|Any CPU.ActiveCfg = Release|Any CPU
		{BB1AF574-2865-489F-89F1-B4DFA0582D61}.Release|Any CPU.Build.0 = Release|Any CPU
	EndGlobalSection
	GlobalSection(SolutionProperties) = preSolution
		HideSolutionNode = FALSE
	EndGlobalSection
	GlobalSection(ExtensibilityGlobals) = postSolution
		SolutionGuid = {D188565A-5520-4E93-B1CC-2B321DA9F782}
	EndGlobalSection
EndGlobal
