
Microsoft Visual Studio Solution File, Format Version 12.00
# Visual Studio Version 17
VisualStudioVersion = 17.4.33205.214
MinimumVisualStudioVersion = 10.0.40219.1
Project("{FAE04EC0-301F-11D3-BF4B-00C04F79EFBC}") = "ExamenEv2PruebaHugoRaña", "ExamenEv2PruebaHugoRaña\ExamenEv2PruebaHugoRaña.csproj", "{3E96CC03-D4E5-429B-B0EA-C1AA23E54396}"
EndProject
Project("{FAE04EC0-301F-11D3-BF4B-00C04F79EFBC}") = "Prueba", "Prueba\Prueba.csproj", "{B1CFD576-AED7-4CC8-B91C-A2873FCD67AA}"
EndProject
Global
	GlobalSection(SolutionConfigurationPlatforms) = preSolution
		Debug|Any CPU = Debug|Any CPU
		Release|Any CPU = Release|Any CPU
	EndGlobalSection
	GlobalSection(ProjectConfigurationPlatforms) = postSolution
		{3E96CC03-D4E5-429B-B0EA-C1AA23E54396}.Debug|Any CPU.ActiveCfg = Debug|Any CPU
		{3E96CC03-D4E5-429B-B0EA-C1AA23E54396}.Debug|Any CPU.Build.0 = Debug|Any CPU
		{3E96CC03-D4E5-429B-B0EA-C1AA23E54396}.Release|Any CPU.ActiveCfg = Release|Any CPU
		{3E96CC03-D4E5-429B-B0EA-C1AA23E54396}.Release|Any CPU.Build.0 = Release|Any CPU
		{B1CFD576-AED7-4CC8-B91C-A2873FCD67AA}.Debug|Any CPU.ActiveCfg = Debug|Any CPU
		{B1CFD576-AED7-4CC8-B91C-A2873FCD67AA}.Debug|Any CPU.Build.0 = Debug|Any CPU
		{B1CFD576-AED7-4CC8-B91C-A2873FCD67AA}.Release|Any CPU.ActiveCfg = Release|Any CPU
		{B1CFD576-AED7-4CC8-B91C-A2873FCD67AA}.Release|Any CPU.Build.0 = Release|Any CPU
	EndGlobalSection
	GlobalSection(SolutionProperties) = preSolution
		HideSolutionNode = FALSE
	EndGlobalSection
	GlobalSection(ExtensibilityGlobals) = postSolution
		SolutionGuid = {0ED1FA51-3C74-47E8-934F-7888F3B5B561}
	EndGlobalSection
EndGlobal
